
Microsoft Visual Studio Solution File, Format Version 12.00
# Visual Studio Version 16
VisualStudioVersion = 16.0.29728.190
MinimumVisualStudioVersion = 10.0.40219.1
Project("{9A19103F-16F7-4668-BE54-9A1E7A4F7556}") = "tour-of-heroes-be", "tour-of-heroes-be.csproj", "{ADF239C8-5B0D-4833-A31E-6C4E9407FACB}"
EndProject
Project("{9A19103F-16F7-4668-BE54-9A1E7A4F7556}") = "IdentityServer", "IdentityServer\IdentityServer.csproj", "{EDF314CC-599A-44C8-8D61-4FB6E1D96A18}"
EndProject
Global
	GlobalSection(SolutionConfigurationPlatforms) = preSolution
		Debug|Any CPU = Debug|Any CPU
		Release|Any CPU = Release|Any CPU
	EndGlobalSection
	GlobalSection(ProjectConfigurationPlatforms) = postSolution
		{ADF239C8-5B0D-4833-A31E-6C4E9407FACB}.Debug|Any CPU.ActiveCfg = Debug|Any CPU
		{ADF239C8-5B0D-4833-A31E-6C4E9407FACB}.Debug|Any CPU.Build.0 = Debug|Any CPU
		{ADF239C8-5B0D-4833-A31E-6C4E9407FACB}.Release|Any CPU.ActiveCfg = Release|Any CPU
		{ADF239C8-5B0D-4833-A31E-6C4E9407FACB}.Release|Any CPU.Build.0 = Release|Any CPU
		{EDF314CC-599A-44C8-8D61-4FB6E1D96A18}.Debug|Any CPU.ActiveCfg = Debug|Any CPU
		{EDF314CC-599A-44C8-8D61-4FB6E1D96A18}.Debug|Any CPU.Build.0 = Debug|Any CPU
		{EDF314CC-599A-44C8-8D61-4FB6E1D96A18}.Release|Any CPU.ActiveCfg = Release|Any CPU
		{EDF314CC-599A-44C8-8D61-4FB6E1D96A18}.Release|Any CPU.Build.0 = Release|Any CPU
	EndGlobalSection
	GlobalSection(SolutionProperties) = preSolution
		HideSolutionNode = FALSE
	EndGlobalSection
	GlobalSection(ExtensibilityGlobals) = postSolution
		SolutionGuid = {72AF60B0-CDEA-4A05-9BED-4C0A42BC5573}
	EndGlobalSection
EndGlobal
